{
  "name": "@indra.ai/deva.algorithm",
  "version": "0.10.0",
  "lockfileVersion": 3,
  "requires": true,
  "packages": {
    "": {
      "name": "@indra.ai/deva.algorithm",
      "version": "0.10.0",
      "funding": [
        {
          "type": "paypal",
          "url": "https://paypal.me/rahulaclub"
        },
        {
          "type": "patreon",
          "url": "https://patreon.com/rahulaclub"
        }
      ],
      "license": "VLA:37023677273337679521 LICENSE.md",
      "dependencies": {
        "@indra.ai/deva": "^1.51.1"
      }
    },
    "node_modules/@indra.ai/deva": {
      "version": "1.51.1",
      "resolved": "https://registry.npmjs.org/@indra.ai/deva/-/deva-1.51.1.tgz",
      "integrity": "sha512-3pp1D9bzbTbzbgSEqkZK39/GIzpov4sIchhPWo+jjKQAcl/kOdz5x30mYz8qnr2jJ4B26w/QO9KcC+no4P/rUw==",
      "funding": [
        {
          "type": "paypal",
          "url": "https://paypal.me/rahulaclub"
        },
        {
          "type": "patreon",
          "url": "https://patreon.com/rahulaclub"
        }
      ],
      "license": "VLA:64654724156459693416 LICENSE.md",
      "engines": {
        "node": ">=18.16.0",
        "npm": ">=9.5.1"
      }
    }
  }
}
