{
  "name": "@indra.ai/deva.algorithm",
  "version": "0.12.1",
  "lockfileVersion": 3,
  "requires": true,
  "packages": {
    "": {
      "name": "@indra.ai/deva.algorithm",
      "version": "0.12.1",
      "funding": [
        {
          "type": "paypal",
          "url": "https://paypal.me/rahulaclub"
        },
        {
          "type": "patreon",
          "url": "https://patreon.com/rahulaclub"
        }
      ],
      "license": "VLA:37023677273337679521 LICENSE.md",
      "dependencies": {
        "@indra.ai/deva": "^1.51.3"
      }
    },
    "node_modules/@indra.ai/deva": {
      "version": "1.51.3",
      "resolved": "https://registry.npmjs.org/@indra.ai/deva/-/deva-1.51.3.tgz",
      "integrity": "sha512-tKWTNMFryUat1Ibi6Paq+n6iHBU1mWGhB3L8SXmBFkta+0BlCPz8qb1bkLNwbG+onZomaq5Yg1o9rTFfgRb46Q==",
      "funding": [
        {
          "type": "paypal",
          "url": "https://paypal.me/rahulaclub"
        },
        {
          "type": "patreon",
          "url": "https://patreon.com/rahulaclub"
        }
      ],
      "license": "VLA:64654724156459693416 LICENSE.md",
      "engines": {
        "node": ">=18.16.0",
        "npm": ">=9.5.1"
      }
    }
  }
}
